
Microsoft Visual Studio Solution File, Format Version 12.00
# Visual Studio Version 17
VisualStudioVersion = 17.14.36310.24 d17.14
MinimumVisualStudioVersion = 10.0.40219.1
Project("{FAE04EC0-301F-11D3-BF4B-00C04F79EFBC}") = "Portfolio.Web", "Portfolio.Web\Portfolio.Web.csproj", "{7859BA78-902C-4E6A-9893-475620770B96}"
EndProject
Global
	GlobalSection(SolutionConfigurationPlatforms) = preSolution
		Debug|Any CPU = Debug|Any CPU
		Release|Any CPU = Release|Any CPU
	EndGlobalSection
	GlobalSection(ProjectConfigurationPlatforms) = postSolution
		{7859BA78-902C-4E6A-9893-475620770B96}.Debug|Any CPU.ActiveCfg = Debug|Any CPU
		{7859BA78-902C-4E6A-9893-475620770B96}.Debug|Any CPU.Build.0 = Debug|Any CPU
		{7859BA78-902C-4E6A-9893-475620770B96}.Release|Any CPU.ActiveCfg = Release|Any CPU
		{7859BA78-902C-4E6A-9893-475620770B96}.Release|Any CPU.Build.0 = Release|Any CPU
	EndGlobalSection
	GlobalSection(SolutionProperties) = preSolution
		HideSolutionNode = FALSE
	EndGlobalSection
	GlobalSection(ExtensibilityGlobals) = postSolution
		SolutionGuid = {EEDCEC40-93EB-42F1-BB4A-8BF625A890C0}
	EndGlobalSection
EndGlobal
